
Microsoft Visual Studio Solution File, Format Version 12.00
# Visual Studio Version 17
VisualStudioVersion = 17.13.35828.75
MinimumVisualStudioVersion = 10.0.40219.1
Project("{FAE04EC0-301F-11D3-BF4B-00C04F79EFBC}") = "Task1A", "Task.CSharpBase\Task1A.csproj", "{C7804A06-537F-476D-A8C5-83F2D702E854}"
EndProject
Project("{FAE04EC0-301F-11D3-BF4B-00C04F79EFBC}") = "Task1B", "Task1B\Task1B.csproj", "{FF63AE3D-54A7-401D-B9A9-2142149D8E1D}"
EndProject
Project("{FAE04EC0-301F-11D3-BF4B-00C04F79EFBC}") = "Task2", "Task2\Task2.csproj", "{793F0EAF-B571-422E-9918-57B2884C6545}"
EndProject
Project("{2150E333-8FDC-42A3-9474-1A3956D46DE8}") = "Practice1", "Practice1", "{36D591C7-65C7-A0D1-1CBC-10CDE441BDC8}"
EndProject
Project("{2150E333-8FDC-42A3-9474-1A3956D46DE8}") = "Practice2", "Practice2", "{7D051654-73EC-42A7-81CF-16AB9FDA1C19}"
EndProject
Project("{FAE04EC0-301F-11D3-BF4B-00C04F79EFBC}") = "Practice2.Task1", "Practice2.Task1\Practice2.Task1.csproj", "{FFD5D06D-A361-42CA-8209-E29F1D808338}"
EndProject
Project("{FAE04EC0-301F-11D3-BF4B-00C04F79EFBC}") = "Practice2.Task2", "Practice2.Task2\Practice2.Task2.csproj", "{FB71996A-7507-4BCC-8B41-1849CF919D5D}"
EndProject
Project("{FAE04EC0-301F-11D3-BF4B-00C04F79EFBC}") = "Practice2.Task3", "Practice2.Task3\Practice2.Task3.csproj", "{FA944E13-AABE-445F-A1DF-A289F60E35E5}"
EndProject
Project("{FAE04EC0-301F-11D3-BF4B-00C04F79EFBC}") = "Practice2.Task4", "Practice2.Task4\Practice2.Task4.csproj", "{5965E43F-6A9E-4961-8617-94018E7B1EAE}"
EndProject
Project("{FAE04EC0-301F-11D3-BF4B-00C04F79EFBC}") = "Practice2.Task5", "Practice2.Task5\Practice2.Task5.csproj", "{E927A3AE-834C-4BC2-B384-20C60C5E5E3F}"
EndProject
Project("{FAE04EC0-301F-11D3-BF4B-00C04F79EFBC}") = "Practice2.Task6", "Practice2.Task6\Practice2.Task6.csproj", "{EF64886B-9113-4F10-950D-46C991202592}"
EndProject
Project("{FAE04EC0-301F-11D3-BF4B-00C04F79EFBC}") = "Practice2.Task7", "Practice2.Task7\Practice2.Task7.csproj", "{93527138-5EFE-4895-BCC6-472AE16B5087}"
EndProject
Project("{FAE04EC0-301F-11D3-BF4B-00C04F79EFBC}") = "Practice2.Task8", "Practice2.Task8\Practice2.Task8.csproj", "{16ADD791-B403-488E-A4F0-02F9EAE58EC1}"
EndProject
Global
	GlobalSection(SolutionConfigurationPlatforms) = preSolution
		CheckIn|Any CPU = CheckIn|Any CPU
		Debug|Any CPU = Debug|Any CPU
		Release|Any CPU = Release|Any CPU
	EndGlobalSection
	GlobalSection(ProjectConfigurationPlatforms) = postSolution
		{C7804A06-537F-476D-A8C5-83F2D702E854}.CheckIn|Any CPU.ActiveCfg = CheckIn|Any CPU
		{C7804A06-537F-476D-A8C5-83F2D702E854}.CheckIn|Any CPU.Build.0 = CheckIn|Any CPU
		{C7804A06-537F-476D-A8C5-83F2D702E854}.Debug|Any CPU.ActiveCfg = CheckIn|Any CPU
		{C7804A06-537F-476D-A8C5-83F2D702E854}.Debug|Any CPU.Build.0 = CheckIn|Any CPU
		{C7804A06-537F-476D-A8C5-83F2D702E854}.Release|Any CPU.ActiveCfg = Release|Any CPU
		{C7804A06-537F-476D-A8C5-83F2D702E854}.Release|Any CPU.Build.0 = Release|Any CPU
		{FF63AE3D-54A7-401D-B9A9-2142149D8E1D}.CheckIn|Any CPU.ActiveCfg = CheckIn|Any CPU
		{FF63AE3D-54A7-401D-B9A9-2142149D8E1D}.CheckIn|Any CPU.Build.0 = CheckIn|Any CPU
		{FF63AE3D-54A7-401D-B9A9-2142149D8E1D}.Debug|Any CPU.ActiveCfg = Debug|Any CPU
		{FF63AE3D-54A7-401D-B9A9-2142149D8E1D}.Debug|Any CPU.Build.0 = Debug|Any CPU
		{FF63AE3D-54A7-401D-B9A9-2142149D8E1D}.Release|Any CPU.ActiveCfg = Release|Any CPU
		{FF63AE3D-54A7-401D-B9A9-2142149D8E1D}.Release|Any CPU.Build.0 = Release|Any CPU
		{793F0EAF-B571-422E-9918-57B2884C6545}.CheckIn|Any CPU.ActiveCfg = Release|Any CPU
		{793F0EAF-B571-422E-9918-57B2884C6545}.CheckIn|Any CPU.Build.0 = Release|Any CPU
		{793F0EAF-B571-422E-9918-57B2884C6545}.Debug|Any CPU.ActiveCfg = Debug|Any CPU
		{793F0EAF-B571-422E-9918-57B2884C6545}.Debug|Any CPU.Build.0 = Debug|Any CPU
		{793F0EAF-B571-422E-9918-57B2884C6545}.Release|Any CPU.ActiveCfg = Release|Any CPU
		{793F0EAF-B571-422E-9918-57B2884C6545}.Release|Any CPU.Build.0 = Release|Any CPU
		{FFD5D06D-A361-42CA-8209-E29F1D808338}.CheckIn|Any CPU.ActiveCfg = Release|Any CPU
		{FFD5D06D-A361-42CA-8209-E29F1D808338}.CheckIn|Any CPU.Build.0 = Release|Any CPU
		{FFD5D06D-A361-42CA-8209-E29F1D808338}.Debug|Any CPU.ActiveCfg = Debug|Any CPU
		{FFD5D06D-A361-42CA-8209-E29F1D808338}.Debug|Any CPU.Build.0 = Debug|Any CPU
		{FFD5D06D-A361-42CA-8209-E29F1D808338}.Release|Any CPU.ActiveCfg = Release|Any CPU
		{FFD5D06D-A361-42CA-8209-E29F1D808338}.Release|Any CPU.Build.0 = Release|Any CPU
		{FB71996A-7507-4BCC-8B41-1849CF919D5D}.CheckIn|Any CPU.ActiveCfg = Release|Any CPU
		{FB71996A-7507-4BCC-8B41-1849CF919D5D}.CheckIn|Any CPU.Build.0 = Release|Any CPU
		{FB71996A-7507-4BCC-8B41-1849CF919D5D}.Debug|Any CPU.ActiveCfg = Debug|Any CPU
		{FB71996A-7507-4BCC-8B41-1849CF919D5D}.Debug|Any CPU.Build.0 = Debug|Any CPU
		{FB71996A-7507-4BCC-8B41-1849CF919D5D}.Release|Any CPU.ActiveCfg = Release|Any CPU
		{FB71996A-7507-4BCC-8B41-1849CF919D5D}.Release|Any CPU.Build.0 = Release|Any CPU
		{FA944E13-AABE-445F-A1DF-A289F60E35E5}.CheckIn|Any CPU.ActiveCfg = Release|Any CPU
		{FA944E13-AABE-445F-A1DF-A289F60E35E5}.CheckIn|Any CPU.Build.0 = Release|Any CPU
		{FA944E13-AABE-445F-A1DF-A289F60E35E5}.Debug|Any CPU.ActiveCfg = Debug|Any CPU
		{FA944E13-AABE-445F-A1DF-A289F60E35E5}.Debug|Any CPU.Build.0 = Debug|Any CPU
		{FA944E13-AABE-445F-A1DF-A289F60E35E5}.Release|Any CPU.ActiveCfg = Release|Any CPU
		{FA944E13-AABE-445F-A1DF-A289F60E35E5}.Release|Any CPU.Build.0 = Release|Any CPU
		{5965E43F-6A9E-4961-8617-94018E7B1EAE}.CheckIn|Any CPU.ActiveCfg = Release|Any CPU
		{5965E43F-6A9E-4961-8617-94018E7B1EAE}.CheckIn|Any CPU.Build.0 = Release|Any CPU
		{5965E43F-6A9E-4961-8617-94018E7B1EAE}.Debug|Any CPU.ActiveCfg = Debug|Any CPU
		{5965E43F-6A9E-4961-8617-94018E7B1EAE}.Debug|Any CPU.Build.0 = Debug|Any CPU
		{5965E43F-6A9E-4961-8617-94018E7B1EAE}.Release|Any CPU.ActiveCfg = Release|Any CPU
		{5965E43F-6A9E-4961-8617-94018E7B1EAE}.Release|Any CPU.Build.0 = Release|Any CPU
		{E927A3AE-834C-4BC2-B384-20C60C5E5E3F}.CheckIn|Any CPU.ActiveCfg = Release|Any CPU
		{E927A3AE-834C-4BC2-B384-20C60C5E5E3F}.CheckIn|Any CPU.Build.0 = Release|Any CPU
		{E927A3AE-834C-4BC2-B384-20C60C5E5E3F}.Debug|Any CPU.ActiveCfg = Debug|Any CPU
		{E927A3AE-834C-4BC2-B384-20C60C5E5E3F}.Debug|Any CPU.Build.0 = Debug|Any CPU
		{E927A3AE-834C-4BC2-B384-20C60C5E5E3F}.Release|Any CPU.ActiveCfg = Release|Any CPU
		{E927A3AE-834C-4BC2-B384-20C60C5E5E3F}.Release|Any CPU.Build.0 = Release|Any CPU
		{EF64886B-9113-4F10-950D-46C991202592}.CheckIn|Any CPU.ActiveCfg = Release|Any CPU
		{EF64886B-9113-4F10-950D-46C991202592}.CheckIn|Any CPU.Build.0 = Release|Any CPU
		{EF64886B-9113-4F10-950D-46C991202592}.Debug|Any CPU.ActiveCfg = Debug|Any CPU
		{EF64886B-9113-4F10-950D-46C991202592}.Debug|Any CPU.Build.0 = Debug|Any CPU
		{EF64886B-9113-4F10-950D-46C991202592}.Release|Any CPU.ActiveCfg = Release|Any CPU
		{EF64886B-9113-4F10-950D-46C991202592}.Release|Any CPU.Build.0 = Release|Any CPU
		{93527138-5EFE-4895-BCC6-472AE16B5087}.CheckIn|Any CPU.ActiveCfg = Release|Any CPU
		{93527138-5EFE-4895-BCC6-472AE16B5087}.CheckIn|Any CPU.Build.0 = Release|Any CPU
		{93527138-5EFE-4895-BCC6-472AE16B5087}.Debug|Any CPU.ActiveCfg = Debug|Any CPU
		{93527138-5EFE-4895-BCC6-472AE16B5087}.Debug|Any CPU.Build.0 = Debug|Any CPU
		{93527138-5EFE-4895-BCC6-472AE16B5087}.Release|Any CPU.ActiveCfg = Release|Any CPU
		{93527138-5EFE-4895-BCC6-472AE16B5087}.Release|Any CPU.Build.0 = Release|Any CPU
		{16ADD791-B403-488E-A4F0-02F9EAE58EC1}.CheckIn|Any CPU.ActiveCfg = Release|Any CPU
		{16ADD791-B403-488E-A4F0-02F9EAE58EC1}.CheckIn|Any CPU.Build.0 = Release|Any CPU
		{16ADD791-B403-488E-A4F0-02F9EAE58EC1}.Debug|Any CPU.ActiveCfg = Debug|Any CPU
		{16ADD791-B403-488E-A4F0-02F9EAE58EC1}.Debug|Any CPU.Build.0 = Debug|Any CPU
		{16ADD791-B403-488E-A4F0-02F9EAE58EC1}.Release|Any CPU.ActiveCfg = Release|Any CPU
		{16ADD791-B403-488E-A4F0-02F9EAE58EC1}.Release|Any CPU.Build.0 = Release|Any CPU
	EndGlobalSection
	GlobalSection(SolutionProperties) = preSolution
		HideSolutionNode = FALSE
	EndGlobalSection
	GlobalSection(NestedProjects) = preSolution
		{C7804A06-537F-476D-A8C5-83F2D702E854} = {36D591C7-65C7-A0D1-1CBC-10CDE441BDC8}
		{FF63AE3D-54A7-401D-B9A9-2142149D8E1D} = {36D591C7-65C7-A0D1-1CBC-10CDE441BDC8}
		{793F0EAF-B571-422E-9918-57B2884C6545} = {36D591C7-65C7-A0D1-1CBC-10CDE441BDC8}
		{FFD5D06D-A361-42CA-8209-E29F1D808338} = {7D051654-73EC-42A7-81CF-16AB9FDA1C19}
		{FB71996A-7507-4BCC-8B41-1849CF919D5D} = {7D051654-73EC-42A7-81CF-16AB9FDA1C19}
		{FA944E13-AABE-445F-A1DF-A289F60E35E5} = {7D051654-73EC-42A7-81CF-16AB9FDA1C19}
		{5965E43F-6A9E-4961-8617-94018E7B1EAE} = {7D051654-73EC-42A7-81CF-16AB9FDA1C19}
		{E927A3AE-834C-4BC2-B384-20C60C5E5E3F} = {7D051654-73EC-42A7-81CF-16AB9FDA1C19}
		{EF64886B-9113-4F10-950D-46C991202592} = {7D051654-73EC-42A7-81CF-16AB9FDA1C19}
		{93527138-5EFE-4895-BCC6-472AE16B5087} = {7D051654-73EC-42A7-81CF-16AB9FDA1C19}
		{16ADD791-B403-488E-A4F0-02F9EAE58EC1} = {7D051654-73EC-42A7-81CF-16AB9FDA1C19}
	EndGlobalSection
	GlobalSection(ExtensibilityGlobals) = postSolution
		SolutionGuid = {A8F5F743-8CB0-4B5F-9B3B-A7F4A32BBA83}
	EndGlobalSection
EndGlobal
