
Microsoft Visual Studio Solution File, Format Version 12.00
# Visual Studio Version 17
VisualStudioVersion = 17.13.35828.75
MinimumVisualStudioVersion = 10.0.40219.1
Project("{FAE04EC0-301F-11D3-BF4B-00C04F79EFBC}") = "Task1A", "Task.CSharpBase\Task1A.csproj", "{C7804A06-537F-476D-A8C5-83F2D702E854}"
EndProject
Project("{FAE04EC0-301F-11D3-BF4B-00C04F79EFBC}") = "Task1B", "Task1B\Task1B.csproj", "{FF63AE3D-54A7-401D-B9A9-2142149D8E1D}"
EndProject
Project("{FAE04EC0-301F-11D3-BF4B-00C04F79EFBC}") = "Task2", "Task2\Task2.csproj", "{793F0EAF-B571-422E-9918-57B2884C6545}"
EndProject
Project("{2150E333-8FDC-42A3-9474-1A3956D46DE8}") = "Practice1", "Practice1", "{36D591C7-65C7-A0D1-1CBC-10CDE441BDC8}"
EndProject
Project("{2150E333-8FDC-42A3-9474-1A3956D46DE8}") = "Practice2", "Practice2", "{7D051654-73EC-42A7-81CF-16AB9FDA1C19}"
EndProject
Project("{FAE04EC0-301F-11D3-BF4B-00C04F79EFBC}") = "Practice2.Task1", "Practice2.Task1\Practice2.Task1.csproj", "{FFD5D06D-A361-42CA-8209-E29F1D808338}"
EndProject
Project("{FAE04EC0-301F-11D3-BF4B-00C04F79EFBC}") = "Practice2.Task2", "Practice2.Task2\Practice2.Task2.csproj", "{FB71996A-7507-4BCC-8B41-1849CF919D5D}"
EndProject
Project("{FAE04EC0-301F-11D3-BF4B-00C04F79EFBC}") = "Practice2.Task3", "Practice2.Task3\Practice2.Task3.csproj", "{FA944E13-AABE-445F-A1DF-A289F60E35E5}"
EndProject
Project("{FAE04EC0-301F-11D3-BF4B-00C04F79EFBC}") = "Practice2.Task4", "Practice2.Task4\Practice2.Task4.csproj", "{5965E43F-6A9E-4961-8617-94018E7B1EAE}"
EndProject
Project("{FAE04EC0-301F-11D3-BF4B-00C04F79EFBC}") = "Practice2.Task5", "Practice2.Task5\Practice2.Task5.csproj", "{E927A3AE-834C-4BC2-B384-20C60C5E5E3F}"
EndProject
Project("{FAE04EC0-301F-11D3-BF4B-00C04F79EFBC}") = "Practice2.Task6", "Practice2.Task6\Practice2.Task6.csproj", "{EF64886B-9113-4F10-950D-46C991202592}"
EndProject
Project("{FAE04EC0-301F-11D3-BF4B-00C04F79EFBC}") = "Practice2.Task7", "Practice2.Task7\Practice2.Task7.csproj", "{93527138-5EFE-4895-BCC6-472AE16B5087}"
EndProject
Project("{FAE04EC0-301F-11D3-BF4B-00C04F79EFBC}") = "Practice2.Task8", "Practice2.Task8\Practice2.Task8.csproj", "{16ADD791-B403-488E-A4F0-02F9EAE58EC1}"
EndProject
Project("{FAE04EC0-301F-11D3-BF4B-00C04F79EFBC}") = "Practice2.Task9", "Practice2.Task9\Practice2.Task9.csproj", "{35737E8C-04F8-43DA-AACB-80DAAD5611CB}"
EndProject
Project("{FAE04EC0-301F-11D3-BF4B-00C04F79EFBC}") = "Practice2.Task10", "Practice2.Task10\Practice2.Task10.csproj", "{3D7EC70B-6D21-474F-98BA-FF5A50CF6D3A}"
EndProject
Project("{FAE04EC0-301F-11D3-BF4B-00C04F79EFBC}") = "Practice2.Task11", "Practice2.Task11\Practice2.Task11.csproj", "{9D5A00FE-FDBF-4576-A833-09354506CEDD}"
EndProject
Project("{FAE04EC0-301F-11D3-BF4B-00C04F79EFBC}") = "Practice2.Task12", "Practice2.Task12\Practice2.Task12.csproj", "{43CC3E62-FA51-4B74-8CF7-9532BC70624A}"
EndProject
Project("{FAE04EC0-301F-11D3-BF4B-00C04F79EFBC}") = "Practice2.Task13", "Practice2.Task13\Practice2.Task13.csproj", "{CB8D3618-59E0-467C-B4F1-943B875AD40E}"
EndProject
Project("{FAE04EC0-301F-11D3-BF4B-00C04F79EFBC}") = "Practice2.Task14", "Practice2.Task14\Practice2.Task14.csproj", "{E7F09E30-EFE8-46B6-86C3-DF4CD87BFD51}"
EndProject
Project("{FAE04EC0-301F-11D3-BF4B-00C04F79EFBC}") = "Practice2.Task15", "Practice2.Task15\Practice2.Task15.csproj", "{7AB41866-533B-422A-BF1F-9D42F07696EC}"
EndProject
Project("{FAE04EC0-301F-11D3-BF4B-00C04F79EFBC}") = "Practice2.Task16", "Practice2.Task16\Practice2.Task16.csproj", "{6B489AC7-3B18-4A13-9A4A-EB8244875583}"
EndProject
Project("{FAE04EC0-301F-11D3-BF4B-00C04F79EFBC}") = "Practice2.Task17", "Practice2.Task17\Practice2.Task17.csproj", "{19916380-9239-40F8-82E9-E953B313A3CF}"
EndProject
Project("{FAE04EC0-301F-11D3-BF4B-00C04F79EFBC}") = "Practice2.Task18", "Practice2.Task18\Practice2.Task18.csproj", "{9A2B01BF-ADEE-4518-B0EF-561573DF30A7}"
EndProject
Project("{FAE04EC0-301F-11D3-BF4B-00C04F79EFBC}") = "Practice2.Task19", "Practice2.Task19\Practice2.Task19.csproj", "{3D975157-53FD-49C2-B8D9-7BACA4FFF747}"
EndProject
Project("{2150E333-8FDC-42A3-9474-1A3956D46DE8}") = "Practice3", "Practice3", "{42955FEC-97D9-4830-8C81-395AC96922AE}"
EndProject
Project("{FAE04EC0-301F-11D3-BF4B-00C04F79EFBC}") = "Practice3.Task1", "Practice3.Task1\Practice3.Task1.csproj", "{480954D6-43A2-4D14-83D5-015D4E2EB5DB}"
EndProject
Project("{FAE04EC0-301F-11D3-BF4B-00C04F79EFBC}") = "Practice3.Task2", "Practice3.Task2\Practice3.Task2.csproj", "{AB5F15ED-83AA-4D91-8DAA-100429605275}"
EndProject
Project("{FAE04EC0-301F-11D3-BF4B-00C04F79EFBC}") = "Practice3.Task3", "Practice3.Task3\Practice3.Task3.csproj", "{AC513F5C-40F3-4E03-A6A4-50D652D3350C}"
EndProject
Project("{FAE04EC0-301F-11D3-BF4B-00C04F79EFBC}") = "Practice3.Task4", "Practice3.Task4\Practice3.Task4.csproj", "{C17016D0-7B70-4F58-9DBC-BA66D4F95625}"
EndProject
Project("{FAE04EC0-301F-11D3-BF4B-00C04F79EFBC}") = "Practice3.Task5", "Practice3.Task5\Practice3.Task5.csproj", "{415B3548-F7E8-4845-81A0-A3AC246F3138}"
EndProject
Project("{FAE04EC0-301F-11D3-BF4B-00C04F79EFBC}") = "Practice3.Task6", "Practice3.Task6\Practice3.Task6.csproj", "{BEA34555-4ACA-4374-93C2-B9F67FFE6F0B}"
EndProject
Project("{FAE04EC0-301F-11D3-BF4B-00C04F79EFBC}") = "Practice3.Task7", "Practice3.Task7\Practice3.Task7.csproj", "{094AF48C-FDC3-4037-8829-81C038A46903}"
EndProject
Project("{FAE04EC0-301F-11D3-BF4B-00C04F79EFBC}") = "Practice3.Task8", "Practice3.Task8\Practice3.Task8.csproj", "{E1BEE325-175C-4655-8369-5A2EAEE658F2}"
EndProject
Project("{FAE04EC0-301F-11D3-BF4B-00C04F79EFBC}") = "Practice3.Task9", "Practice3.Task9\Practice3.Task9.csproj", "{E2BADA53-E5CC-46A0-9C1E-B4023E5017FF}"
EndProject
Project("{FAE04EC0-301F-11D3-BF4B-00C04F79EFBC}") = "Practice3.Task10", "Practice3.Task10\Practice3.Task10.csproj", "{B2D92F48-9A11-4A55-B378-55D9E4F50A89}"
EndProject
Project("{FAE04EC0-301F-11D3-BF4B-00C04F79EFBC}") = "Practice3.Task11", "Practice3.Task11\Practice3.Task11.csproj", "{86C8F2E3-793A-42F2-84CA-509726D5B2D9}"
EndProject
Project("{2150E333-8FDC-42A3-9474-1A3956D46DE8}") = "Practice3.2", "Practice3.2", "{85E8CB05-642D-47AC-90B7-71C5F5C6F172}"
EndProject
Project("{FAE04EC0-301F-11D3-BF4B-00C04F79EFBC}") = "Practice3.2.Task1", "Practice3.2.Task1\Practice3.2.Task1.csproj", "{0ED94C61-D2F3-454F-8C84-BFC165E13282}"
EndProject
Project("{FAE04EC0-301F-11D3-BF4B-00C04F79EFBC}") = "MathHelper", "MathHelper\MathHelper.csproj", "{3CCB2193-B132-4515-B5E7-88338D513653}"
EndProject
Project("{2150E333-8FDC-42A3-9474-1A3956D46DE8}") = "Task1-2", "Task1-2", "{22162BCB-F710-41BE-A3B9-74AC05B734ED}"
EndProject
Project("{2150E333-8FDC-42A3-9474-1A3956D46DE8}") = "Task3", "Task3", "{8D24D5A8-B6F3-4224-89F0-68FBFA2C6B1F}"
EndProject
Project("{FAE04EC0-301F-11D3-BF4B-00C04F79EFBC}") = "Practice32.Task3", "Practice32.Task3\Practice32.Task3.csproj", "{908DD642-2A2B-45DD-B0B6-DB35F86BEE7F}"
EndProject
Project("{FAE04EC0-301F-11D3-BF4B-00C04F79EFBC}") = "PersonLibrary", "PersonLibrary\PersonLibrary.csproj", "{D6B440E7-6111-4F16-AD3F-D1F922C73696}"
EndProject
Project("{2150E333-8FDC-42A3-9474-1A3956D46DE8}") = "Practice5", "Practice5", "{1C3F0D74-72D3-4F55-BCAF-5FBD962978E1}"
EndProject
Project("{FAE04EC0-301F-11D3-BF4B-00C04F79EFBC}") = "Practice5.Task1", "Practice5.Task1\Practice5.Task1.csproj", "{CC9395EF-0B1C-45DB-B932-FFF924FDA12E}"
EndProject
Project("{2150E333-8FDC-42A3-9474-1A3956D46DE8}") = "Practice5.Task2", "Practice5.Task2", "{3C4DCB8D-B8C8-4B21-AC3F-A7DB06922E22}"
EndProject
Project("{FAE04EC0-301F-11D3-BF4B-00C04F79EFBC}") = "Logger", "Logger\Logger.csproj", "{D358327B-60E3-4951-8DC1-225615921174}"
EndProject
Project("{FAE04EC0-301F-11D3-BF4B-00C04F79EFBC}") = "Practice5.Task2", "Practice5.Task2\Practice5.Task2.csproj", "{FC5AF2A9-C8D7-45CD-B938-13C3AC143103}"
EndProject
Project("{FAE04EC0-301F-11D3-BF4B-00C04F79EFBC}") = "Practice5.Task3", "Practice5.Task3\Practice5.Task3.csproj", "{715FD703-92B3-4B9A-B06D-CC5B9328D67B}"
EndProject
Project("{FAE04EC0-301F-11D3-BF4B-00C04F79EFBC}") = "Practice2.Task20", "Practice2.Task20\Practice2.Task20.csproj", "{D63964FB-52D7-4ED6-B9D2-B590B3896D92}"
EndProject
Project("{FAE04EC0-301F-11D3-BF4B-00C04F79EFBC}") = "Practice2.Task21", "Practice2.Task21\Practice2.Task21.csproj", "{081BA883-29C6-4B83-943C-7431010BC3D6}"
EndProject
Project("{FAE04EC0-301F-11D3-BF4B-00C04F79EFBC}") = "Practice2.Task22", "Practice2.Task22\Practice2.Task22.csproj", "{4B00B92F-C2C4-47FD-A92E-76BAD7615BA2}"
EndProject
Project("{FAE04EC0-301F-11D3-BF4B-00C04F79EFBC}") = "Practice2.Task23", "Practice2.Task23\Practice2.Task23.csproj", "{9124968D-60A0-4642-B28C-F94CAD6246C1}"
EndProject
Project("{FAE04EC0-301F-11D3-BF4B-00C04F79EFBC}") = "Practice2.Task24", "Practice2.Task24\Practice2.Task24.csproj", "{F04CCD4B-BCE8-4425-ADAB-777E25299FF7}"
EndProject
Project("{FAE04EC0-301F-11D3-BF4B-00C04F79EFBC}") = "Practice2.Task25", "Practice2.Task25\Practice2.Task25.csproj", "{F84AFFFB-D15C-4F09-BD08-271C80AAF34C}"
EndProject
Global
	GlobalSection(SolutionConfigurationPlatforms) = preSolution
		CheckIn|Any CPU = CheckIn|Any CPU
		Debug|Any CPU = Debug|Any CPU
		Release|Any CPU = Release|Any CPU
	EndGlobalSection
	GlobalSection(ProjectConfigurationPlatforms) = postSolution
		{C7804A06-537F-476D-A8C5-83F2D702E854}.CheckIn|Any CPU.ActiveCfg = CheckIn|Any CPU
		{C7804A06-537F-476D-A8C5-83F2D702E854}.CheckIn|Any CPU.Build.0 = CheckIn|Any CPU
		{C7804A06-537F-476D-A8C5-83F2D702E854}.Debug|Any CPU.ActiveCfg = CheckIn|Any CPU
		{C7804A06-537F-476D-A8C5-83F2D702E854}.Debug|Any CPU.Build.0 = CheckIn|Any CPU
		{C7804A06-537F-476D-A8C5-83F2D702E854}.Release|Any CPU.ActiveCfg = Release|Any CPU
		{C7804A06-537F-476D-A8C5-83F2D702E854}.Release|Any CPU.Build.0 = Release|Any CPU
		{FF63AE3D-54A7-401D-B9A9-2142149D8E1D}.CheckIn|Any CPU.ActiveCfg = CheckIn|Any CPU
		{FF63AE3D-54A7-401D-B9A9-2142149D8E1D}.CheckIn|Any CPU.Build.0 = CheckIn|Any CPU
		{FF63AE3D-54A7-401D-B9A9-2142149D8E1D}.Debug|Any CPU.ActiveCfg = Debug|Any CPU
		{FF63AE3D-54A7-401D-B9A9-2142149D8E1D}.Debug|Any CPU.Build.0 = Debug|Any CPU
		{FF63AE3D-54A7-401D-B9A9-2142149D8E1D}.Release|Any CPU.ActiveCfg = Release|Any CPU
		{FF63AE3D-54A7-401D-B9A9-2142149D8E1D}.Release|Any CPU.Build.0 = Release|Any CPU
		{793F0EAF-B571-422E-9918-57B2884C6545}.CheckIn|Any CPU.ActiveCfg = Release|Any CPU
		{793F0EAF-B571-422E-9918-57B2884C6545}.CheckIn|Any CPU.Build.0 = Release|Any CPU
		{793F0EAF-B571-422E-9918-57B2884C6545}.Debug|Any CPU.ActiveCfg = Debug|Any CPU
		{793F0EAF-B571-422E-9918-57B2884C6545}.Debug|Any CPU.Build.0 = Debug|Any CPU
		{793F0EAF-B571-422E-9918-57B2884C6545}.Release|Any CPU.ActiveCfg = Release|Any CPU
		{793F0EAF-B571-422E-9918-57B2884C6545}.Release|Any CPU.Build.0 = Release|Any CPU
		{FFD5D06D-A361-42CA-8209-E29F1D808338}.CheckIn|Any CPU.ActiveCfg = Release|Any CPU
		{FFD5D06D-A361-42CA-8209-E29F1D808338}.CheckIn|Any CPU.Build.0 = Release|Any CPU
		{FFD5D06D-A361-42CA-8209-E29F1D808338}.Debug|Any CPU.ActiveCfg = Debug|Any CPU
		{FFD5D06D-A361-42CA-8209-E29F1D808338}.Debug|Any CPU.Build.0 = Debug|Any CPU
		{FFD5D06D-A361-42CA-8209-E29F1D808338}.Release|Any CPU.ActiveCfg = Release|Any CPU
		{FFD5D06D-A361-42CA-8209-E29F1D808338}.Release|Any CPU.Build.0 = Release|Any CPU
		{FB71996A-7507-4BCC-8B41-1849CF919D5D}.CheckIn|Any CPU.ActiveCfg = Release|Any CPU
		{FB71996A-7507-4BCC-8B41-1849CF919D5D}.CheckIn|Any CPU.Build.0 = Release|Any CPU
		{FB71996A-7507-4BCC-8B41-1849CF919D5D}.Debug|Any CPU.ActiveCfg = Debug|Any CPU
		{FB71996A-7507-4BCC-8B41-1849CF919D5D}.Debug|Any CPU.Build.0 = Debug|Any CPU
		{FB71996A-7507-4BCC-8B41-1849CF919D5D}.Release|Any CPU.ActiveCfg = Release|Any CPU
		{FB71996A-7507-4BCC-8B41-1849CF919D5D}.Release|Any CPU.Build.0 = Release|Any CPU
		{FA944E13-AABE-445F-A1DF-A289F60E35E5}.CheckIn|Any CPU.ActiveCfg = Release|Any CPU
		{FA944E13-AABE-445F-A1DF-A289F60E35E5}.CheckIn|Any CPU.Build.0 = Release|Any CPU
		{FA944E13-AABE-445F-A1DF-A289F60E35E5}.Debug|Any CPU.ActiveCfg = Debug|Any CPU
		{FA944E13-AABE-445F-A1DF-A289F60E35E5}.Debug|Any CPU.Build.0 = Debug|Any CPU
		{FA944E13-AABE-445F-A1DF-A289F60E35E5}.Release|Any CPU.ActiveCfg = Release|Any CPU
		{FA944E13-AABE-445F-A1DF-A289F60E35E5}.Release|Any CPU.Build.0 = Release|Any CPU
		{5965E43F-6A9E-4961-8617-94018E7B1EAE}.CheckIn|Any CPU.ActiveCfg = Release|Any CPU
		{5965E43F-6A9E-4961-8617-94018E7B1EAE}.CheckIn|Any CPU.Build.0 = Release|Any CPU
		{5965E43F-6A9E-4961-8617-94018E7B1EAE}.Debug|Any CPU.ActiveCfg = Debug|Any CPU
		{5965E43F-6A9E-4961-8617-94018E7B1EAE}.Debug|Any CPU.Build.0 = Debug|Any CPU
		{5965E43F-6A9E-4961-8617-94018E7B1EAE}.Release|Any CPU.ActiveCfg = Release|Any CPU
		{5965E43F-6A9E-4961-8617-94018E7B1EAE}.Release|Any CPU.Build.0 = Release|Any CPU
		{E927A3AE-834C-4BC2-B384-20C60C5E5E3F}.CheckIn|Any CPU.ActiveCfg = Release|Any CPU
		{E927A3AE-834C-4BC2-B384-20C60C5E5E3F}.CheckIn|Any CPU.Build.0 = Release|Any CPU
		{E927A3AE-834C-4BC2-B384-20C60C5E5E3F}.Debug|Any CPU.ActiveCfg = Debug|Any CPU
		{E927A3AE-834C-4BC2-B384-20C60C5E5E3F}.Debug|Any CPU.Build.0 = Debug|Any CPU
		{E927A3AE-834C-4BC2-B384-20C60C5E5E3F}.Release|Any CPU.ActiveCfg = Release|Any CPU
		{E927A3AE-834C-4BC2-B384-20C60C5E5E3F}.Release|Any CPU.Build.0 = Release|Any CPU
		{EF64886B-9113-4F10-950D-46C991202592}.CheckIn|Any CPU.ActiveCfg = Release|Any CPU
		{EF64886B-9113-4F10-950D-46C991202592}.CheckIn|Any CPU.Build.0 = Release|Any CPU
		{EF64886B-9113-4F10-950D-46C991202592}.Debug|Any CPU.ActiveCfg = Debug|Any CPU
		{EF64886B-9113-4F10-950D-46C991202592}.Debug|Any CPU.Build.0 = Debug|Any CPU
		{EF64886B-9113-4F10-950D-46C991202592}.Release|Any CPU.ActiveCfg = Release|Any CPU
		{EF64886B-9113-4F10-950D-46C991202592}.Release|Any CPU.Build.0 = Release|Any CPU
		{93527138-5EFE-4895-BCC6-472AE16B5087}.CheckIn|Any CPU.ActiveCfg = Release|Any CPU
		{93527138-5EFE-4895-BCC6-472AE16B5087}.CheckIn|Any CPU.Build.0 = Release|Any CPU
		{93527138-5EFE-4895-BCC6-472AE16B5087}.Debug|Any CPU.ActiveCfg = Debug|Any CPU
		{93527138-5EFE-4895-BCC6-472AE16B5087}.Debug|Any CPU.Build.0 = Debug|Any CPU
		{93527138-5EFE-4895-BCC6-472AE16B5087}.Release|Any CPU.ActiveCfg = Release|Any CPU
		{93527138-5EFE-4895-BCC6-472AE16B5087}.Release|Any CPU.Build.0 = Release|Any CPU
		{16ADD791-B403-488E-A4F0-02F9EAE58EC1}.CheckIn|Any CPU.ActiveCfg = Release|Any CPU
		{16ADD791-B403-488E-A4F0-02F9EAE58EC1}.CheckIn|Any CPU.Build.0 = Release|Any CPU
		{16ADD791-B403-488E-A4F0-02F9EAE58EC1}.Debug|Any CPU.ActiveCfg = Debug|Any CPU
		{16ADD791-B403-488E-A4F0-02F9EAE58EC1}.Debug|Any CPU.Build.0 = Debug|Any CPU
		{16ADD791-B403-488E-A4F0-02F9EAE58EC1}.Release|Any CPU.ActiveCfg = Release|Any CPU
		{16ADD791-B403-488E-A4F0-02F9EAE58EC1}.Release|Any CPU.Build.0 = Release|Any CPU
		{35737E8C-04F8-43DA-AACB-80DAAD5611CB}.CheckIn|Any CPU.ActiveCfg = Release|Any CPU
		{35737E8C-04F8-43DA-AACB-80DAAD5611CB}.CheckIn|Any CPU.Build.0 = Release|Any CPU
		{35737E8C-04F8-43DA-AACB-80DAAD5611CB}.Debug|Any CPU.ActiveCfg = Debug|Any CPU
		{35737E8C-04F8-43DA-AACB-80DAAD5611CB}.Debug|Any CPU.Build.0 = Debug|Any CPU
		{35737E8C-04F8-43DA-AACB-80DAAD5611CB}.Release|Any CPU.ActiveCfg = Release|Any CPU
		{35737E8C-04F8-43DA-AACB-80DAAD5611CB}.Release|Any CPU.Build.0 = Release|Any CPU
		{3D7EC70B-6D21-474F-98BA-FF5A50CF6D3A}.CheckIn|Any CPU.ActiveCfg = Release|Any CPU
		{3D7EC70B-6D21-474F-98BA-FF5A50CF6D3A}.CheckIn|Any CPU.Build.0 = Release|Any CPU
		{3D7EC70B-6D21-474F-98BA-FF5A50CF6D3A}.Debug|Any CPU.ActiveCfg = Debug|Any CPU
		{3D7EC70B-6D21-474F-98BA-FF5A50CF6D3A}.Debug|Any CPU.Build.0 = Debug|Any CPU
		{3D7EC70B-6D21-474F-98BA-FF5A50CF6D3A}.Release|Any CPU.ActiveCfg = Release|Any CPU
		{3D7EC70B-6D21-474F-98BA-FF5A50CF6D3A}.Release|Any CPU.Build.0 = Release|Any CPU
		{9D5A00FE-FDBF-4576-A833-09354506CEDD}.CheckIn|Any CPU.ActiveCfg = Release|Any CPU
		{9D5A00FE-FDBF-4576-A833-09354506CEDD}.CheckIn|Any CPU.Build.0 = Release|Any CPU
		{9D5A00FE-FDBF-4576-A833-09354506CEDD}.Debug|Any CPU.ActiveCfg = Debug|Any CPU
		{9D5A00FE-FDBF-4576-A833-09354506CEDD}.Debug|Any CPU.Build.0 = Debug|Any CPU
		{9D5A00FE-FDBF-4576-A833-09354506CEDD}.Release|Any CPU.ActiveCfg = Release|Any CPU
		{9D5A00FE-FDBF-4576-A833-09354506CEDD}.Release|Any CPU.Build.0 = Release|Any CPU
		{43CC3E62-FA51-4B74-8CF7-9532BC70624A}.CheckIn|Any CPU.ActiveCfg = Release|Any CPU
		{43CC3E62-FA51-4B74-8CF7-9532BC70624A}.CheckIn|Any CPU.Build.0 = Release|Any CPU
		{43CC3E62-FA51-4B74-8CF7-9532BC70624A}.Debug|Any CPU.ActiveCfg = Debug|Any CPU
		{43CC3E62-FA51-4B74-8CF7-9532BC70624A}.Debug|Any CPU.Build.0 = Debug|Any CPU
		{43CC3E62-FA51-4B74-8CF7-9532BC70624A}.Release|Any CPU.ActiveCfg = Release|Any CPU
		{43CC3E62-FA51-4B74-8CF7-9532BC70624A}.Release|Any CPU.Build.0 = Release|Any CPU
		{CB8D3618-59E0-467C-B4F1-943B875AD40E}.CheckIn|Any CPU.ActiveCfg = Release|Any CPU
		{CB8D3618-59E0-467C-B4F1-943B875AD40E}.CheckIn|Any CPU.Build.0 = Release|Any CPU
		{CB8D3618-59E0-467C-B4F1-943B875AD40E}.Debug|Any CPU.ActiveCfg = Debug|Any CPU
		{CB8D3618-59E0-467C-B4F1-943B875AD40E}.Debug|Any CPU.Build.0 = Debug|Any CPU
		{CB8D3618-59E0-467C-B4F1-943B875AD40E}.Release|Any CPU.ActiveCfg = Release|Any CPU
		{CB8D3618-59E0-467C-B4F1-943B875AD40E}.Release|Any CPU.Build.0 = Release|Any CPU
		{E7F09E30-EFE8-46B6-86C3-DF4CD87BFD51}.CheckIn|Any CPU.ActiveCfg = Release|Any CPU
		{E7F09E30-EFE8-46B6-86C3-DF4CD87BFD51}.CheckIn|Any CPU.Build.0 = Release|Any CPU
		{E7F09E30-EFE8-46B6-86C3-DF4CD87BFD51}.Debug|Any CPU.ActiveCfg = Debug|Any CPU
		{E7F09E30-EFE8-46B6-86C3-DF4CD87BFD51}.Debug|Any CPU.Build.0 = Debug|Any CPU
		{E7F09E30-EFE8-46B6-86C3-DF4CD87BFD51}.Release|Any CPU.ActiveCfg = Release|Any CPU
		{E7F09E30-EFE8-46B6-86C3-DF4CD87BFD51}.Release|Any CPU.Build.0 = Release|Any CPU
		{7AB41866-533B-422A-BF1F-9D42F07696EC}.CheckIn|Any CPU.ActiveCfg = Release|Any CPU
		{7AB41866-533B-422A-BF1F-9D42F07696EC}.CheckIn|Any CPU.Build.0 = Release|Any CPU
		{7AB41866-533B-422A-BF1F-9D42F07696EC}.Debug|Any CPU.ActiveCfg = Debug|Any CPU
		{7AB41866-533B-422A-BF1F-9D42F07696EC}.Debug|Any CPU.Build.0 = Debug|Any CPU
		{7AB41866-533B-422A-BF1F-9D42F07696EC}.Release|Any CPU.ActiveCfg = Release|Any CPU
		{7AB41866-533B-422A-BF1F-9D42F07696EC}.Release|Any CPU.Build.0 = Release|Any CPU
		{6B489AC7-3B18-4A13-9A4A-EB8244875583}.CheckIn|Any CPU.ActiveCfg = Release|Any CPU
		{6B489AC7-3B18-4A13-9A4A-EB8244875583}.CheckIn|Any CPU.Build.0 = Release|Any CPU
		{6B489AC7-3B18-4A13-9A4A-EB8244875583}.Debug|Any CPU.ActiveCfg = Debug|Any CPU
		{6B489AC7-3B18-4A13-9A4A-EB8244875583}.Debug|Any CPU.Build.0 = Debug|Any CPU
		{6B489AC7-3B18-4A13-9A4A-EB8244875583}.Release|Any CPU.ActiveCfg = Release|Any CPU
		{6B489AC7-3B18-4A13-9A4A-EB8244875583}.Release|Any CPU.Build.0 = Release|Any CPU
		{19916380-9239-40F8-82E9-E953B313A3CF}.CheckIn|Any CPU.ActiveCfg = Release|Any CPU
		{19916380-9239-40F8-82E9-E953B313A3CF}.CheckIn|Any CPU.Build.0 = Release|Any CPU
		{19916380-9239-40F8-82E9-E953B313A3CF}.Debug|Any CPU.ActiveCfg = Debug|Any CPU
		{19916380-9239-40F8-82E9-E953B313A3CF}.Debug|Any CPU.Build.0 = Debug|Any CPU
		{19916380-9239-40F8-82E9-E953B313A3CF}.Release|Any CPU.ActiveCfg = Release|Any CPU
		{19916380-9239-40F8-82E9-E953B313A3CF}.Release|Any CPU.Build.0 = Release|Any CPU
		{9A2B01BF-ADEE-4518-B0EF-561573DF30A7}.CheckIn|Any CPU.ActiveCfg = Release|Any CPU
		{9A2B01BF-ADEE-4518-B0EF-561573DF30A7}.CheckIn|Any CPU.Build.0 = Release|Any CPU
		{9A2B01BF-ADEE-4518-B0EF-561573DF30A7}.Debug|Any CPU.ActiveCfg = Debug|Any CPU
		{9A2B01BF-ADEE-4518-B0EF-561573DF30A7}.Debug|Any CPU.Build.0 = Debug|Any CPU
		{9A2B01BF-ADEE-4518-B0EF-561573DF30A7}.Release|Any CPU.ActiveCfg = Release|Any CPU
		{9A2B01BF-ADEE-4518-B0EF-561573DF30A7}.Release|Any CPU.Build.0 = Release|Any CPU
		{3D975157-53FD-49C2-B8D9-7BACA4FFF747}.CheckIn|Any CPU.ActiveCfg = Release|Any CPU
		{3D975157-53FD-49C2-B8D9-7BACA4FFF747}.CheckIn|Any CPU.Build.0 = Release|Any CPU
		{3D975157-53FD-49C2-B8D9-7BACA4FFF747}.Debug|Any CPU.ActiveCfg = Debug|Any CPU
		{3D975157-53FD-49C2-B8D9-7BACA4FFF747}.Debug|Any CPU.Build.0 = Debug|Any CPU
		{3D975157-53FD-49C2-B8D9-7BACA4FFF747}.Release|Any CPU.ActiveCfg = Release|Any CPU
		{3D975157-53FD-49C2-B8D9-7BACA4FFF747}.Release|Any CPU.Build.0 = Release|Any CPU
		{480954D6-43A2-4D14-83D5-015D4E2EB5DB}.CheckIn|Any CPU.ActiveCfg = Release|Any CPU
		{480954D6-43A2-4D14-83D5-015D4E2EB5DB}.CheckIn|Any CPU.Build.0 = Release|Any CPU
		{480954D6-43A2-4D14-83D5-015D4E2EB5DB}.Debug|Any CPU.ActiveCfg = Debug|Any CPU
		{480954D6-43A2-4D14-83D5-015D4E2EB5DB}.Debug|Any CPU.Build.0 = Debug|Any CPU
		{480954D6-43A2-4D14-83D5-015D4E2EB5DB}.Release|Any CPU.ActiveCfg = Release|Any CPU
		{480954D6-43A2-4D14-83D5-015D4E2EB5DB}.Release|Any CPU.Build.0 = Release|Any CPU
		{AB5F15ED-83AA-4D91-8DAA-100429605275}.CheckIn|Any CPU.ActiveCfg = Release|Any CPU
		{AB5F15ED-83AA-4D91-8DAA-100429605275}.CheckIn|Any CPU.Build.0 = Release|Any CPU
		{AB5F15ED-83AA-4D91-8DAA-100429605275}.Debug|Any CPU.ActiveCfg = Debug|Any CPU
		{AB5F15ED-83AA-4D91-8DAA-100429605275}.Debug|Any CPU.Build.0 = Debug|Any CPU
		{AB5F15ED-83AA-4D91-8DAA-100429605275}.Release|Any CPU.ActiveCfg = Release|Any CPU
		{AB5F15ED-83AA-4D91-8DAA-100429605275}.Release|Any CPU.Build.0 = Release|Any CPU
		{AC513F5C-40F3-4E03-A6A4-50D652D3350C}.CheckIn|Any CPU.ActiveCfg = Release|Any CPU
		{AC513F5C-40F3-4E03-A6A4-50D652D3350C}.CheckIn|Any CPU.Build.0 = Release|Any CPU
		{AC513F5C-40F3-4E03-A6A4-50D652D3350C}.Debug|Any CPU.ActiveCfg = Debug|Any CPU
		{AC513F5C-40F3-4E03-A6A4-50D652D3350C}.Debug|Any CPU.Build.0 = Debug|Any CPU
		{AC513F5C-40F3-4E03-A6A4-50D652D3350C}.Release|Any CPU.ActiveCfg = Release|Any CPU
		{AC513F5C-40F3-4E03-A6A4-50D652D3350C}.Release|Any CPU.Build.0 = Release|Any CPU
		{C17016D0-7B70-4F58-9DBC-BA66D4F95625}.CheckIn|Any CPU.ActiveCfg = Release|Any CPU
		{C17016D0-7B70-4F58-9DBC-BA66D4F95625}.CheckIn|Any CPU.Build.0 = Release|Any CPU
		{C17016D0-7B70-4F58-9DBC-BA66D4F95625}.Debug|Any CPU.ActiveCfg = Debug|Any CPU
		{C17016D0-7B70-4F58-9DBC-BA66D4F95625}.Debug|Any CPU.Build.0 = Debug|Any CPU
		{C17016D0-7B70-4F58-9DBC-BA66D4F95625}.Release|Any CPU.ActiveCfg = Release|Any CPU
		{C17016D0-7B70-4F58-9DBC-BA66D4F95625}.Release|Any CPU.Build.0 = Release|Any CPU
		{415B3548-F7E8-4845-81A0-A3AC246F3138}.CheckIn|Any CPU.ActiveCfg = Release|Any CPU
		{415B3548-F7E8-4845-81A0-A3AC246F3138}.CheckIn|Any CPU.Build.0 = Release|Any CPU
		{415B3548-F7E8-4845-81A0-A3AC246F3138}.Debug|Any CPU.ActiveCfg = Debug|Any CPU
		{415B3548-F7E8-4845-81A0-A3AC246F3138}.Debug|Any CPU.Build.0 = Debug|Any CPU
		{415B3548-F7E8-4845-81A0-A3AC246F3138}.Release|Any CPU.ActiveCfg = Release|Any CPU
		{415B3548-F7E8-4845-81A0-A3AC246F3138}.Release|Any CPU.Build.0 = Release|Any CPU
		{BEA34555-4ACA-4374-93C2-B9F67FFE6F0B}.CheckIn|Any CPU.ActiveCfg = Release|Any CPU
		{BEA34555-4ACA-4374-93C2-B9F67FFE6F0B}.CheckIn|Any CPU.Build.0 = Release|Any CPU
		{BEA34555-4ACA-4374-93C2-B9F67FFE6F0B}.Debug|Any CPU.ActiveCfg = Debug|Any CPU
		{BEA34555-4ACA-4374-93C2-B9F67FFE6F0B}.Debug|Any CPU.Build.0 = Debug|Any CPU
		{BEA34555-4ACA-4374-93C2-B9F67FFE6F0B}.Release|Any CPU.ActiveCfg = Release|Any CPU
		{BEA34555-4ACA-4374-93C2-B9F67FFE6F0B}.Release|Any CPU.Build.0 = Release|Any CPU
		{094AF48C-FDC3-4037-8829-81C038A46903}.CheckIn|Any CPU.ActiveCfg = Release|Any CPU
		{094AF48C-FDC3-4037-8829-81C038A46903}.CheckIn|Any CPU.Build.0 = Release|Any CPU
		{094AF48C-FDC3-4037-8829-81C038A46903}.Debug|Any CPU.ActiveCfg = Debug|Any CPU
		{094AF48C-FDC3-4037-8829-81C038A46903}.Debug|Any CPU.Build.0 = Debug|Any CPU
		{094AF48C-FDC3-4037-8829-81C038A46903}.Release|Any CPU.ActiveCfg = Release|Any CPU
		{094AF48C-FDC3-4037-8829-81C038A46903}.Release|Any CPU.Build.0 = Release|Any CPU
		{E1BEE325-175C-4655-8369-5A2EAEE658F2}.CheckIn|Any CPU.ActiveCfg = Release|Any CPU
		{E1BEE325-175C-4655-8369-5A2EAEE658F2}.CheckIn|Any CPU.Build.0 = Release|Any CPU
		{E1BEE325-175C-4655-8369-5A2EAEE658F2}.Debug|Any CPU.ActiveCfg = Debug|Any CPU
		{E1BEE325-175C-4655-8369-5A2EAEE658F2}.Debug|Any CPU.Build.0 = Debug|Any CPU
		{E1BEE325-175C-4655-8369-5A2EAEE658F2}.Release|Any CPU.ActiveCfg = Release|Any CPU
		{E1BEE325-175C-4655-8369-5A2EAEE658F2}.Release|Any CPU.Build.0 = Release|Any CPU
		{E2BADA53-E5CC-46A0-9C1E-B4023E5017FF}.CheckIn|Any CPU.ActiveCfg = Release|Any CPU
		{E2BADA53-E5CC-46A0-9C1E-B4023E5017FF}.CheckIn|Any CPU.Build.0 = Release|Any CPU
		{E2BADA53-E5CC-46A0-9C1E-B4023E5017FF}.Debug|Any CPU.ActiveCfg = Debug|Any CPU
		{E2BADA53-E5CC-46A0-9C1E-B4023E5017FF}.Debug|Any CPU.Build.0 = Debug|Any CPU
		{E2BADA53-E5CC-46A0-9C1E-B4023E5017FF}.Release|Any CPU.ActiveCfg = Release|Any CPU
		{E2BADA53-E5CC-46A0-9C1E-B4023E5017FF}.Release|Any CPU.Build.0 = Release|Any CPU
		{B2D92F48-9A11-4A55-B378-55D9E4F50A89}.CheckIn|Any CPU.ActiveCfg = Release|Any CPU
		{B2D92F48-9A11-4A55-B378-55D9E4F50A89}.CheckIn|Any CPU.Build.0 = Release|Any CPU
		{B2D92F48-9A11-4A55-B378-55D9E4F50A89}.Debug|Any CPU.ActiveCfg = Debug|Any CPU
		{B2D92F48-9A11-4A55-B378-55D9E4F50A89}.Debug|Any CPU.Build.0 = Debug|Any CPU
		{B2D92F48-9A11-4A55-B378-55D9E4F50A89}.Release|Any CPU.ActiveCfg = Release|Any CPU
		{B2D92F48-9A11-4A55-B378-55D9E4F50A89}.Release|Any CPU.Build.0 = Release|Any CPU
		{86C8F2E3-793A-42F2-84CA-509726D5B2D9}.CheckIn|Any CPU.ActiveCfg = Release|Any CPU
		{86C8F2E3-793A-42F2-84CA-509726D5B2D9}.CheckIn|Any CPU.Build.0 = Release|Any CPU
		{86C8F2E3-793A-42F2-84CA-509726D5B2D9}.Debug|Any CPU.ActiveCfg = Debug|Any CPU
		{86C8F2E3-793A-42F2-84CA-509726D5B2D9}.Debug|Any CPU.Build.0 = Debug|Any CPU
		{86C8F2E3-793A-42F2-84CA-509726D5B2D9}.Release|Any CPU.ActiveCfg = Release|Any CPU
		{86C8F2E3-793A-42F2-84CA-509726D5B2D9}.Release|Any CPU.Build.0 = Release|Any CPU
		{0ED94C61-D2F3-454F-8C84-BFC165E13282}.CheckIn|Any CPU.ActiveCfg = Release|Any CPU
		{0ED94C61-D2F3-454F-8C84-BFC165E13282}.CheckIn|Any CPU.Build.0 = Release|Any CPU
		{0ED94C61-D2F3-454F-8C84-BFC165E13282}.Debug|Any CPU.ActiveCfg = Debug|Any CPU
		{0ED94C61-D2F3-454F-8C84-BFC165E13282}.Debug|Any CPU.Build.0 = Debug|Any CPU
		{0ED94C61-D2F3-454F-8C84-BFC165E13282}.Release|Any CPU.ActiveCfg = Release|Any CPU
		{0ED94C61-D2F3-454F-8C84-BFC165E13282}.Release|Any CPU.Build.0 = Release|Any CPU
		{3CCB2193-B132-4515-B5E7-88338D513653}.CheckIn|Any CPU.ActiveCfg = Release|Any CPU
		{3CCB2193-B132-4515-B5E7-88338D513653}.CheckIn|Any CPU.Build.0 = Release|Any CPU
		{3CCB2193-B132-4515-B5E7-88338D513653}.Debug|Any CPU.ActiveCfg = Debug|Any CPU
		{3CCB2193-B132-4515-B5E7-88338D513653}.Debug|Any CPU.Build.0 = Debug|Any CPU
		{3CCB2193-B132-4515-B5E7-88338D513653}.Release|Any CPU.ActiveCfg = Release|Any CPU
		{3CCB2193-B132-4515-B5E7-88338D513653}.Release|Any CPU.Build.0 = Release|Any CPU
		{908DD642-2A2B-45DD-B0B6-DB35F86BEE7F}.CheckIn|Any CPU.ActiveCfg = Release|Any CPU
		{908DD642-2A2B-45DD-B0B6-DB35F86BEE7F}.CheckIn|Any CPU.Build.0 = Release|Any CPU
		{908DD642-2A2B-45DD-B0B6-DB35F86BEE7F}.Debug|Any CPU.ActiveCfg = Debug|Any CPU
		{908DD642-2A2B-45DD-B0B6-DB35F86BEE7F}.Debug|Any CPU.Build.0 = Debug|Any CPU
		{908DD642-2A2B-45DD-B0B6-DB35F86BEE7F}.Release|Any CPU.ActiveCfg = Release|Any CPU
		{908DD642-2A2B-45DD-B0B6-DB35F86BEE7F}.Release|Any CPU.Build.0 = Release|Any CPU
		{D6B440E7-6111-4F16-AD3F-D1F922C73696}.CheckIn|Any CPU.ActiveCfg = Release|Any CPU
		{D6B440E7-6111-4F16-AD3F-D1F922C73696}.CheckIn|Any CPU.Build.0 = Release|Any CPU
		{D6B440E7-6111-4F16-AD3F-D1F922C73696}.Debug|Any CPU.ActiveCfg = Debug|Any CPU
		{D6B440E7-6111-4F16-AD3F-D1F922C73696}.Debug|Any CPU.Build.0 = Debug|Any CPU
		{D6B440E7-6111-4F16-AD3F-D1F922C73696}.Release|Any CPU.ActiveCfg = Release|Any CPU
		{D6B440E7-6111-4F16-AD3F-D1F922C73696}.Release|Any CPU.Build.0 = Release|Any CPU
		{CC9395EF-0B1C-45DB-B932-FFF924FDA12E}.CheckIn|Any CPU.ActiveCfg = Release|Any CPU
		{CC9395EF-0B1C-45DB-B932-FFF924FDA12E}.CheckIn|Any CPU.Build.0 = Release|Any CPU
		{CC9395EF-0B1C-45DB-B932-FFF924FDA12E}.Debug|Any CPU.ActiveCfg = Debug|Any CPU
		{CC9395EF-0B1C-45DB-B932-FFF924FDA12E}.Debug|Any CPU.Build.0 = Debug|Any CPU
		{CC9395EF-0B1C-45DB-B932-FFF924FDA12E}.Release|Any CPU.ActiveCfg = Release|Any CPU
		{CC9395EF-0B1C-45DB-B932-FFF924FDA12E}.Release|Any CPU.Build.0 = Release|Any CPU
		{D358327B-60E3-4951-8DC1-225615921174}.CheckIn|Any CPU.ActiveCfg = Release|Any CPU
		{D358327B-60E3-4951-8DC1-225615921174}.CheckIn|Any CPU.Build.0 = Release|Any CPU
		{D358327B-60E3-4951-8DC1-225615921174}.Debug|Any CPU.ActiveCfg = Debug|Any CPU
		{D358327B-60E3-4951-8DC1-225615921174}.Debug|Any CPU.Build.0 = Debug|Any CPU
		{D358327B-60E3-4951-8DC1-225615921174}.Release|Any CPU.ActiveCfg = Release|Any CPU
		{D358327B-60E3-4951-8DC1-225615921174}.Release|Any CPU.Build.0 = Release|Any CPU
		{FC5AF2A9-C8D7-45CD-B938-13C3AC143103}.CheckIn|Any CPU.ActiveCfg = Release|Any CPU
		{FC5AF2A9-C8D7-45CD-B938-13C3AC143103}.CheckIn|Any CPU.Build.0 = Release|Any CPU
		{FC5AF2A9-C8D7-45CD-B938-13C3AC143103}.Debug|Any CPU.ActiveCfg = Debug|Any CPU
		{FC5AF2A9-C8D7-45CD-B938-13C3AC143103}.Debug|Any CPU.Build.0 = Debug|Any CPU
		{FC5AF2A9-C8D7-45CD-B938-13C3AC143103}.Release|Any CPU.ActiveCfg = Release|Any CPU
		{FC5AF2A9-C8D7-45CD-B938-13C3AC143103}.Release|Any CPU.Build.0 = Release|Any CPU
		{715FD703-92B3-4B9A-B06D-CC5B9328D67B}.CheckIn|Any CPU.ActiveCfg = Release|Any CPU
		{715FD703-92B3-4B9A-B06D-CC5B9328D67B}.CheckIn|Any CPU.Build.0 = Release|Any CPU
		{715FD703-92B3-4B9A-B06D-CC5B9328D67B}.Debug|Any CPU.ActiveCfg = Debug|Any CPU
		{715FD703-92B3-4B9A-B06D-CC5B9328D67B}.Debug|Any CPU.Build.0 = Debug|Any CPU
		{715FD703-92B3-4B9A-B06D-CC5B9328D67B}.Release|Any CPU.ActiveCfg = Release|Any CPU
		{715FD703-92B3-4B9A-B06D-CC5B9328D67B}.Release|Any CPU.Build.0 = Release|Any CPU
		{D63964FB-52D7-4ED6-B9D2-B590B3896D92}.CheckIn|Any CPU.ActiveCfg = Release|Any CPU
		{D63964FB-52D7-4ED6-B9D2-B590B3896D92}.CheckIn|Any CPU.Build.0 = Release|Any CPU
		{D63964FB-52D7-4ED6-B9D2-B590B3896D92}.Debug|Any CPU.ActiveCfg = Debug|Any CPU
		{D63964FB-52D7-4ED6-B9D2-B590B3896D92}.Debug|Any CPU.Build.0 = Debug|Any CPU
		{D63964FB-52D7-4ED6-B9D2-B590B3896D92}.Release|Any CPU.ActiveCfg = Release|Any CPU
		{D63964FB-52D7-4ED6-B9D2-B590B3896D92}.Release|Any CPU.Build.0 = Release|Any CPU
		{081BA883-29C6-4B83-943C-7431010BC3D6}.CheckIn|Any CPU.ActiveCfg = Release|Any CPU
		{081BA883-29C6-4B83-943C-7431010BC3D6}.CheckIn|Any CPU.Build.0 = Release|Any CPU
		{081BA883-29C6-4B83-943C-7431010BC3D6}.Debug|Any CPU.ActiveCfg = Debug|Any CPU
		{081BA883-29C6-4B83-943C-7431010BC3D6}.Debug|Any CPU.Build.0 = Debug|Any CPU
		{081BA883-29C6-4B83-943C-7431010BC3D6}.Release|Any CPU.ActiveCfg = Release|Any CPU
		{081BA883-29C6-4B83-943C-7431010BC3D6}.Release|Any CPU.Build.0 = Release|Any CPU
		{4B00B92F-C2C4-47FD-A92E-76BAD7615BA2}.CheckIn|Any CPU.ActiveCfg = Release|Any CPU
		{4B00B92F-C2C4-47FD-A92E-76BAD7615BA2}.CheckIn|Any CPU.Build.0 = Release|Any CPU
		{4B00B92F-C2C4-47FD-A92E-76BAD7615BA2}.Debug|Any CPU.ActiveCfg = Debug|Any CPU
		{4B00B92F-C2C4-47FD-A92E-76BAD7615BA2}.Debug|Any CPU.Build.0 = Debug|Any CPU
		{4B00B92F-C2C4-47FD-A92E-76BAD7615BA2}.Release|Any CPU.ActiveCfg = Release|Any CPU
		{4B00B92F-C2C4-47FD-A92E-76BAD7615BA2}.Release|Any CPU.Build.0 = Release|Any CPU
		{9124968D-60A0-4642-B28C-F94CAD6246C1}.CheckIn|Any CPU.ActiveCfg = Release|Any CPU
		{9124968D-60A0-4642-B28C-F94CAD6246C1}.CheckIn|Any CPU.Build.0 = Release|Any CPU
		{9124968D-60A0-4642-B28C-F94CAD6246C1}.Debug|Any CPU.ActiveCfg = Debug|Any CPU
		{9124968D-60A0-4642-B28C-F94CAD6246C1}.Debug|Any CPU.Build.0 = Debug|Any CPU
		{9124968D-60A0-4642-B28C-F94CAD6246C1}.Release|Any CPU.ActiveCfg = Release|Any CPU
		{9124968D-60A0-4642-B28C-F94CAD6246C1}.Release|Any CPU.Build.0 = Release|Any CPU
		{F04CCD4B-BCE8-4425-ADAB-777E25299FF7}.CheckIn|Any CPU.ActiveCfg = Release|Any CPU
		{F04CCD4B-BCE8-4425-ADAB-777E25299FF7}.CheckIn|Any CPU.Build.0 = Release|Any CPU
		{F04CCD4B-BCE8-4425-ADAB-777E25299FF7}.Debug|Any CPU.ActiveCfg = Debug|Any CPU
		{F04CCD4B-BCE8-4425-ADAB-777E25299FF7}.Debug|Any CPU.Build.0 = Debug|Any CPU
		{F04CCD4B-BCE8-4425-ADAB-777E25299FF7}.Release|Any CPU.ActiveCfg = Release|Any CPU
		{F04CCD4B-BCE8-4425-ADAB-777E25299FF7}.Release|Any CPU.Build.0 = Release|Any CPU
		{F84AFFFB-D15C-4F09-BD08-271C80AAF34C}.CheckIn|Any CPU.ActiveCfg = Release|Any CPU
		{F84AFFFB-D15C-4F09-BD08-271C80AAF34C}.CheckIn|Any CPU.Build.0 = Release|Any CPU
		{F84AFFFB-D15C-4F09-BD08-271C80AAF34C}.Debug|Any CPU.ActiveCfg = Debug|Any CPU
		{F84AFFFB-D15C-4F09-BD08-271C80AAF34C}.Debug|Any CPU.Build.0 = Debug|Any CPU
		{F84AFFFB-D15C-4F09-BD08-271C80AAF34C}.Release|Any CPU.ActiveCfg = Release|Any CPU
		{F84AFFFB-D15C-4F09-BD08-271C80AAF34C}.Release|Any CPU.Build.0 = Release|Any CPU
	EndGlobalSection
	GlobalSection(SolutionProperties) = preSolution
		HideSolutionNode = FALSE
	EndGlobalSection
	GlobalSection(NestedProjects) = preSolution
		{C7804A06-537F-476D-A8C5-83F2D702E854} = {36D591C7-65C7-A0D1-1CBC-10CDE441BDC8}
		{FF63AE3D-54A7-401D-B9A9-2142149D8E1D} = {36D591C7-65C7-A0D1-1CBC-10CDE441BDC8}
		{793F0EAF-B571-422E-9918-57B2884C6545} = {36D591C7-65C7-A0D1-1CBC-10CDE441BDC8}
		{FFD5D06D-A361-42CA-8209-E29F1D808338} = {7D051654-73EC-42A7-81CF-16AB9FDA1C19}
		{FB71996A-7507-4BCC-8B41-1849CF919D5D} = {7D051654-73EC-42A7-81CF-16AB9FDA1C19}
		{FA944E13-AABE-445F-A1DF-A289F60E35E5} = {7D051654-73EC-42A7-81CF-16AB9FDA1C19}
		{5965E43F-6A9E-4961-8617-94018E7B1EAE} = {7D051654-73EC-42A7-81CF-16AB9FDA1C19}
		{E927A3AE-834C-4BC2-B384-20C60C5E5E3F} = {7D051654-73EC-42A7-81CF-16AB9FDA1C19}
		{EF64886B-9113-4F10-950D-46C991202592} = {7D051654-73EC-42A7-81CF-16AB9FDA1C19}
		{93527138-5EFE-4895-BCC6-472AE16B5087} = {7D051654-73EC-42A7-81CF-16AB9FDA1C19}
		{16ADD791-B403-488E-A4F0-02F9EAE58EC1} = {7D051654-73EC-42A7-81CF-16AB9FDA1C19}
		{35737E8C-04F8-43DA-AACB-80DAAD5611CB} = {7D051654-73EC-42A7-81CF-16AB9FDA1C19}
		{3D7EC70B-6D21-474F-98BA-FF5A50CF6D3A} = {7D051654-73EC-42A7-81CF-16AB9FDA1C19}
		{9D5A00FE-FDBF-4576-A833-09354506CEDD} = {7D051654-73EC-42A7-81CF-16AB9FDA1C19}
		{43CC3E62-FA51-4B74-8CF7-9532BC70624A} = {7D051654-73EC-42A7-81CF-16AB9FDA1C19}
		{CB8D3618-59E0-467C-B4F1-943B875AD40E} = {7D051654-73EC-42A7-81CF-16AB9FDA1C19}
		{E7F09E30-EFE8-46B6-86C3-DF4CD87BFD51} = {7D051654-73EC-42A7-81CF-16AB9FDA1C19}
		{7AB41866-533B-422A-BF1F-9D42F07696EC} = {7D051654-73EC-42A7-81CF-16AB9FDA1C19}
		{6B489AC7-3B18-4A13-9A4A-EB8244875583} = {7D051654-73EC-42A7-81CF-16AB9FDA1C19}
		{19916380-9239-40F8-82E9-E953B313A3CF} = {7D051654-73EC-42A7-81CF-16AB9FDA1C19}
		{9A2B01BF-ADEE-4518-B0EF-561573DF30A7} = {7D051654-73EC-42A7-81CF-16AB9FDA1C19}
		{3D975157-53FD-49C2-B8D9-7BACA4FFF747} = {7D051654-73EC-42A7-81CF-16AB9FDA1C19}
		{480954D6-43A2-4D14-83D5-015D4E2EB5DB} = {42955FEC-97D9-4830-8C81-395AC96922AE}
		{AB5F15ED-83AA-4D91-8DAA-100429605275} = {42955FEC-97D9-4830-8C81-395AC96922AE}
		{AC513F5C-40F3-4E03-A6A4-50D652D3350C} = {42955FEC-97D9-4830-8C81-395AC96922AE}
		{C17016D0-7B70-4F58-9DBC-BA66D4F95625} = {42955FEC-97D9-4830-8C81-395AC96922AE}
		{415B3548-F7E8-4845-81A0-A3AC246F3138} = {42955FEC-97D9-4830-8C81-395AC96922AE}
		{BEA34555-4ACA-4374-93C2-B9F67FFE6F0B} = {42955FEC-97D9-4830-8C81-395AC96922AE}
		{094AF48C-FDC3-4037-8829-81C038A46903} = {42955FEC-97D9-4830-8C81-395AC96922AE}
		{E1BEE325-175C-4655-8369-5A2EAEE658F2} = {42955FEC-97D9-4830-8C81-395AC96922AE}
		{E2BADA53-E5CC-46A0-9C1E-B4023E5017FF} = {42955FEC-97D9-4830-8C81-395AC96922AE}
		{B2D92F48-9A11-4A55-B378-55D9E4F50A89} = {42955FEC-97D9-4830-8C81-395AC96922AE}
		{86C8F2E3-793A-42F2-84CA-509726D5B2D9} = {42955FEC-97D9-4830-8C81-395AC96922AE}
		{0ED94C61-D2F3-454F-8C84-BFC165E13282} = {22162BCB-F710-41BE-A3B9-74AC05B734ED}
		{3CCB2193-B132-4515-B5E7-88338D513653} = {22162BCB-F710-41BE-A3B9-74AC05B734ED}
		{22162BCB-F710-41BE-A3B9-74AC05B734ED} = {85E8CB05-642D-47AC-90B7-71C5F5C6F172}
		{8D24D5A8-B6F3-4224-89F0-68FBFA2C6B1F} = {85E8CB05-642D-47AC-90B7-71C5F5C6F172}
		{908DD642-2A2B-45DD-B0B6-DB35F86BEE7F} = {8D24D5A8-B6F3-4224-89F0-68FBFA2C6B1F}
		{D6B440E7-6111-4F16-AD3F-D1F922C73696} = {8D24D5A8-B6F3-4224-89F0-68FBFA2C6B1F}
		{CC9395EF-0B1C-45DB-B932-FFF924FDA12E} = {1C3F0D74-72D3-4F55-BCAF-5FBD962978E1}
		{3C4DCB8D-B8C8-4B21-AC3F-A7DB06922E22} = {1C3F0D74-72D3-4F55-BCAF-5FBD962978E1}
		{D358327B-60E3-4951-8DC1-225615921174} = {3C4DCB8D-B8C8-4B21-AC3F-A7DB06922E22}
		{FC5AF2A9-C8D7-45CD-B938-13C3AC143103} = {3C4DCB8D-B8C8-4B21-AC3F-A7DB06922E22}
		{715FD703-92B3-4B9A-B06D-CC5B9328D67B} = {1C3F0D74-72D3-4F55-BCAF-5FBD962978E1}
		{D63964FB-52D7-4ED6-B9D2-B590B3896D92} = {7D051654-73EC-42A7-81CF-16AB9FDA1C19}
		{081BA883-29C6-4B83-943C-7431010BC3D6} = {7D051654-73EC-42A7-81CF-16AB9FDA1C19}
		{4B00B92F-C2C4-47FD-A92E-76BAD7615BA2} = {7D051654-73EC-42A7-81CF-16AB9FDA1C19}
		{9124968D-60A0-4642-B28C-F94CAD6246C1} = {7D051654-73EC-42A7-81CF-16AB9FDA1C19}
		{F04CCD4B-BCE8-4425-ADAB-777E25299FF7} = {7D051654-73EC-42A7-81CF-16AB9FDA1C19}
		{F84AFFFB-D15C-4F09-BD08-271C80AAF34C} = {7D051654-73EC-42A7-81CF-16AB9FDA1C19}
	EndGlobalSection
	GlobalSection(ExtensibilityGlobals) = postSolution
		SolutionGuid = {A8F5F743-8CB0-4B5F-9B3B-A7F4A32BBA83}
	EndGlobalSection
EndGlobal
